
Microsoft Visual Studio Solution File, Format Version 12.00
# Visual Studio Version 17
VisualStudioVersion = 17.0.31903.59
MinimumVisualStudioVersion = 10.0.40219.1
Project("{9A19103F-16F7-4668-BE54-9A1E7A4F7556}") = "MapEditor", "MapEditor\MapEditor.csproj", "{D9FA82F5-D236-4838-89CB-3C3D04AFCBDF}"
EndProject
Project("{9A19103F-16F7-4668-BE54-9A1E7A4F7556}") = "MapMod", "MapMod\MapMod.csproj", "{89CBEF4E-E320-4428-9F90-EE84199327FB}"
EndProject
Global
	GlobalSection(SolutionConfigurationPlatforms) = preSolution
		Debug|Any CPU = Debug|Any CPU
		Release|Any CPU = Release|Any CPU
	EndGlobalSection
	GlobalSection(ProjectConfigurationPlatforms) = postSolution
		{D9FA82F5-D236-4838-89CB-3C3D04AFCBDF}.Debug|Any CPU.ActiveCfg = Debug|Any CPU
		{D9FA82F5-D236-4838-89CB-3C3D04AFCBDF}.Debug|Any CPU.Build.0 = Debug|Any CPU
		{D9FA82F5-D236-4838-89CB-3C3D04AFCBDF}.Release|Any CPU.ActiveCfg = Release|Any CPU
		{D9FA82F5-D236-4838-89CB-3C3D04AFCBDF}.Release|Any CPU.Build.0 = Release|Any CPU
		{89CBEF4E-E320-4428-9F90-EE84199327FB}.Debug|Any CPU.ActiveCfg = Debug|Any CPU
		{89CBEF4E-E320-4428-9F90-EE84199327FB}.Debug|Any CPU.Build.0 = Debug|Any CPU
		{89CBEF4E-E320-4428-9F90-EE84199327FB}.Release|Any CPU.ActiveCfg = Release|Any CPU
		{89CBEF4E-E320-4428-9F90-EE84199327FB}.Release|Any CPU.Build.0 = Release|Any CPU
	EndGlobalSection
	GlobalSection(SolutionProperties) = preSolution
		HideSolutionNode = FALSE
	EndGlobalSection
EndGlobal
